
Microsoft Visual Studio Solution File, Format Version 12.00
# Visual Studio 15
VisualStudioVersion = 15.0.28307.779
MinimumVisualStudioVersion = 10.0.40219.1
Project("{FAE04EC0-301F-11D3-BF4B-00C04F79EFBC}") = "UCAS Calculator", "UCAS Calculator\UCAS Calculator.csproj", "{593F0E77-D69B-4063-8807-C7B92CA6819D}"
EndProject
Global
	GlobalSection(SolutionConfigurationPlatforms) = preSolution
		Debug|Any CPU = Debug|Any CPU
		Release|Any CPU = Release|Any CPU
	EndGlobalSection
	GlobalSection(ProjectConfigurationPlatforms) = postSolution
		{593F0E77-D69B-4063-8807-C7B92CA6819D}.Debug|Any CPU.ActiveCfg = Debug|Any CPU
		{593F0E77-D69B-4063-8807-C7B92CA6819D}.Debug|Any CPU.Build.0 = Debug|Any CPU
		{593F0E77-D69B-4063-8807-C7B92CA6819D}.Release|Any CPU.ActiveCfg = Release|Any CPU
		{593F0E77-D69B-4063-8807-C7B92CA6819D}.Release|Any CPU.Build.0 = Release|Any CPU
	EndGlobalSection
	GlobalSection(SolutionProperties) = preSolution
		HideSolutionNode = FALSE
	EndGlobalSection
	GlobalSection(ExtensibilityGlobals) = postSolution
		SolutionGuid = {65394538-3E07-48EE-97B2-9C8A571A1F0C}
	EndGlobalSection
EndGlobal
