
Microsoft Visual Studio Solution File, Format Version 12.00
# Visual Studio 15
VisualStudioVersion = 15.0.28307.779
MinimumVisualStudioVersion = 10.0.40219.1
Project("{FAE04EC0-301F-11D3-BF4B-00C04F79EFBC}") = "Interest Calculator", "Interest Calculator\Interest Calculator.csproj", "{1E32CE97-B08F-468F-BE3A-4C9E228C5143}"
EndProject
Global
	GlobalSection(SolutionConfigurationPlatforms) = preSolution
		Debug|Any CPU = Debug|Any CPU
		Release|Any CPU = Release|Any CPU
	EndGlobalSection
	GlobalSection(ProjectConfigurationPlatforms) = postSolution
		{1E32CE97-B08F-468F-BE3A-4C9E228C5143}.Debug|Any CPU.ActiveCfg = Debug|Any CPU
		{1E32CE97-B08F-468F-BE3A-4C9E228C5143}.Debug|Any CPU.Build.0 = Debug|Any CPU
		{1E32CE97-B08F-468F-BE3A-4C9E228C5143}.Release|Any CPU.ActiveCfg = Release|Any CPU
		{1E32CE97-B08F-468F-BE3A-4C9E228C5143}.Release|Any CPU.Build.0 = Release|Any CPU
	EndGlobalSection
	GlobalSection(SolutionProperties) = preSolution
		HideSolutionNode = FALSE
	EndGlobalSection
	GlobalSection(ExtensibilityGlobals) = postSolution
		SolutionGuid = {28C0A7B1-87C5-4971-980D-F41A0F0E43F1}
	EndGlobalSection
EndGlobal
